
Microsoft Visual Studio Solution File, Format Version 12.00
# Visual Studio Version 16
VisualStudioVersion = 16.0.31005.135
MinimumVisualStudioVersion = 10.0.40219.1
Project("{9A19103F-16F7-4668-BE54-9A1E7A4F7556}") = "Example.API", "TestWebApplication\Example.API.csproj", "{912A2F11-0B0D-484D-8629-5BF7D26683F0}"
EndProject
Project("{9A19103F-16F7-4668-BE54-9A1E7A4F7556}") = "Example.Service", "Example.Service\Example.Service.csproj", "{E8C0181D-97F8-43F9-9481-004D7DFF62DF}"
EndProject
Project("{FAE04EC0-301F-11D3-BF4B-00C04F79EFBC}") = "Example.Core", "Example.Core\Example.Core.csproj", "{D9B84D72-C24F-4CD4-BA9E-A9585A9EF9BC}"
EndProject
Global
	GlobalSection(SolutionConfigurationPlatforms) = preSolution
		Debug|Any CPU = Debug|Any CPU
		Release|Any CPU = Release|Any CPU
	EndGlobalSection
	GlobalSection(ProjectConfigurationPlatforms) = postSolution
		{912A2F11-0B0D-484D-8629-5BF7D26683F0}.Debug|Any CPU.ActiveCfg = Debug|Any CPU
		{912A2F11-0B0D-484D-8629-5BF7D26683F0}.Debug|Any CPU.Build.0 = Debug|Any CPU
		{912A2F11-0B0D-484D-8629-5BF7D26683F0}.Release|Any CPU.ActiveCfg = Release|Any CPU
		{912A2F11-0B0D-484D-8629-5BF7D26683F0}.Release|Any CPU.Build.0 = Release|Any CPU
		{E8C0181D-97F8-43F9-9481-004D7DFF62DF}.Debug|Any CPU.ActiveCfg = Debug|Any CPU
		{E8C0181D-97F8-43F9-9481-004D7DFF62DF}.Debug|Any CPU.Build.0 = Debug|Any CPU
		{E8C0181D-97F8-43F9-9481-004D7DFF62DF}.Release|Any CPU.ActiveCfg = Release|Any CPU
		{E8C0181D-97F8-43F9-9481-004D7DFF62DF}.Release|Any CPU.Build.0 = Release|Any CPU
		{D9B84D72-C24F-4CD4-BA9E-A9585A9EF9BC}.Debug|Any CPU.ActiveCfg = Debug|Any CPU
		{D9B84D72-C24F-4CD4-BA9E-A9585A9EF9BC}.Debug|Any CPU.Build.0 = Debug|Any CPU
		{D9B84D72-C24F-4CD4-BA9E-A9585A9EF9BC}.Release|Any CPU.ActiveCfg = Release|Any CPU
		{D9B84D72-C24F-4CD4-BA9E-A9585A9EF9BC}.Release|Any CPU.Build.0 = Release|Any CPU
	EndGlobalSection
	GlobalSection(SolutionProperties) = preSolution
		HideSolutionNode = FALSE
	EndGlobalSection
	GlobalSection(ExtensibilityGlobals) = postSolution
		SolutionGuid = {2E407BD4-CB7C-4175-9BFA-8F47A2E7D619}
	EndGlobalSection
EndGlobal
